// !$*UTF8*$!
{
	archiveVersion = 1;
	classes = {
	};
	objectVersion = 46;
	objects = {

/* Begin PBXBuildFile section */
		5E2B77275480E79A210575D7 /* Pods_Savour.framework in Frameworks */ = {isa = PBXBuildFile; fileRef = 6F980AE6E64BD897759D3C16 /* Pods_Savour.framework */; };
		8312B9D8215177CF00D8F2AF /* GoogleService-Info.plist in Resources */ = {isa = PBXBuildFile; fileRef = 8312B9D7215177CF00D8F2AF /* GoogleService-Info.plist */; };
		8312B9DD215178B500D8F2AF /* GoogleService-Info.plist in Resources */ = {isa = PBXBuildFile; fileRef = 8312B9DC215178B400D8F2AF /* GoogleService-Info.plist */; };
		8320E97F1F3E1ED700D6A0DF /* RestaurantDetails.storyboard in Resources */ = {isa = PBXBuildFile; fileRef = 8320E97E1F3E1ED700D6A0DF /* RestaurantDetails.storyboard */; };
		833756391F9E7F4E00336744 /* VendorMapViewController.swift in Sources */ = {isa = PBXBuildFile; fileRef = 833756381F9E7F4E00336744 /* VendorMapViewController.swift */; };
		8337563B1F9E938C00336744 /* MapKit.framework in Frameworks */ = {isa = PBXBuildFile; fileRef = 8337563A1F9E938C00336744 /* MapKit.framework */; };
		833D55E81FB6A91A00C66125 /* TabBarViewController.swift in Sources */ = {isa = PBXBuildFile; fileRef = 833D55E71FB6A91A00C66125 /* TabBarViewController.swift */; };
		83446AA01F381BC500CBE73E /* FavoritesViewController.swift in Sources */ = {isa = PBXBuildFile; fileRef = 83446A9F1F381BC500CBE73E /* FavoritesViewController.swift */; };
		83446AA21F3BDC6400CBE73E /* AccountViewController.swift in Sources */ = {isa = PBXBuildFile; fileRef = 83446AA11F3BDC6400CBE73E /* AccountViewController.swift */; };
		83446AA91F3C06AB00CBE73E /* DealDetails.storyboard in Resources */ = {isa = PBXBuildFile; fileRef = 83446AA81F3C06AB00CBE73E /* DealDetails.storyboard */; };
		83446AAB1F3C130400CBE73E /* DealViewController.swift in Sources */ = {isa = PBXBuildFile; fileRef = 83446AAA1F3C130400CBE73E /* DealViewController.swift */; };
		83446AAD1F3C1D4200CBE73E /* RestaurantViewController.swift in Sources */ = {isa = PBXBuildFile; fileRef = 83446AAC1F3C1D4200CBE73E /* RestaurantViewController.swift */; };
		834C1E121F31518F002D7198 /* Main.storyboard in Resources */ = {isa = PBXBuildFile; fileRef = 834C1E111F31518F002D7198 /* Main.storyboard */; };
		834C1E141F3151A4002D7198 /* ViewController.swift in Sources */ = {isa = PBXBuildFile; fileRef = 834C1E131F3151A4002D7198 /* ViewController.swift */; };
		834C1E161F315BA8002D7198 /* SignUpViewController.swift in Sources */ = {isa = PBXBuildFile; fileRef = 834C1E151F315BA8002D7198 /* SignUpViewController.swift */; };
		834C1E1A1F3187AA002D7198 /* VendorsData.swift in Sources */ = {isa = PBXBuildFile; fileRef = 834C1E191F3187AA002D7198 /* VendorsData.swift */; };
		834C1E1C1F3194B6002D7198 /* DealTableViewCell.swift in Sources */ = {isa = PBXBuildFile; fileRef = 834C1E1B1F3194B6002D7198 /* DealTableViewCell.swift */; };
		836AFD0F20DCA5BA002DA873 /* ratingsHelper.swift in Sources */ = {isa = PBXBuildFile; fileRef = 836AFD0E20DCA5BA002DA873 /* ratingsHelper.swift */; };
		836AFD2620DDAF85002DA873 /* SavourDealsUITests.swift in Sources */ = {isa = PBXBuildFile; fileRef = 836AFD2520DDAF85002DA873 /* SavourDealsUITests.swift */; };
		836AFD3320DDB4AA002DA873 /* SnapshotHelper.swift in Sources */ = {isa = PBXBuildFile; fileRef = 836AFD3220DDB4AA002DA873 /* SnapshotHelper.swift */; };
		836FAD7C2151413700160BB3 /* ViewController.swift in Sources */ = {isa = PBXBuildFile; fileRef = 834C1E131F3151A4002D7198 /* ViewController.swift */; };
		836FAD7D2151413700160BB3 /* DealTableViewCell.swift in Sources */ = {isa = PBXBuildFile; fileRef = 834C1E1B1F3194B6002D7198 /* DealTableViewCell.swift */; };
		836FAD7E2151413700160BB3 /* AccountViewController.swift in Sources */ = {isa = PBXBuildFile; fileRef = 83446AA11F3BDC6400CBE73E /* AccountViewController.swift */; };
		836FAD7F2151413700160BB3 /* VendorMapViewController.swift in Sources */ = {isa = PBXBuildFile; fileRef = 833756381F9E7F4E00336744 /* VendorMapViewController.swift */; };
		836FAD802151413700160BB3 /* DealViewController.swift in Sources */ = {isa = PBXBuildFile; fileRef = 83446AAA1F3C130400CBE73E /* DealViewController.swift */; };
		836FAD812151413700160BB3 /* LoginViewController.swift in Sources */ = {isa = PBXBuildFile; fileRef = 83802D6E1F2ED1FD00E315FB /* LoginViewController.swift */; };
		836FAD822151413700160BB3 /* ratingsHelper.swift in Sources */ = {isa = PBXBuildFile; fileRef = 836AFD0E20DCA5BA002DA873 /* ratingsHelper.swift */; };
		836FAD832151413700160BB3 /* SignUpViewController.swift in Sources */ = {isa = PBXBuildFile; fileRef = 834C1E151F315BA8002D7198 /* SignUpViewController.swift */; };
		836FAD842151413700160BB3 /* VendorsData.swift in Sources */ = {isa = PBXBuildFile; fileRef = 834C1E191F3187AA002D7198 /* VendorsData.swift */; };
		836FAD852151413700160BB3 /* TabBarViewController.swift in Sources */ = {isa = PBXBuildFile; fileRef = 833D55E71FB6A91A00C66125 /* TabBarViewController.swift */; };
		836FAD862151413700160BB3 /* OnboardingController.swift in Sources */ = {isa = PBXBuildFile; fileRef = 83BC91E91F8C12DC0031C372 /* OnboardingController.swift */; };
		836FAD872151413700160BB3 /* extensions.swift in Sources */ = {isa = PBXBuildFile; fileRef = 83E4839420D0BF08009B4C3B /* extensions.swift */; };
		836FAD882151413700160BB3 /* Globals.swift in Sources */ = {isa = PBXBuildFile; fileRef = 83DDDBB41F4157EC00B14FEB /* Globals.swift */; };
		836FAD892151413700160BB3 /* FavoritesViewController.swift in Sources */ = {isa = PBXBuildFile; fileRef = 83446A9F1F381BC500CBE73E /* FavoritesViewController.swift */; };
		836FAD8A2151413700160BB3 /* AppDelegate.swift in Sources */ = {isa = PBXBuildFile; fileRef = 83802D6C1F2ED1FD00E315FB /* AppDelegate.swift */; };
		836FAD8B2151413700160BB3 /* RestaurantViewController.swift in Sources */ = {isa = PBXBuildFile; fileRef = 83446AAC1F3C1D4200CBE73E /* RestaurantViewController.swift */; };
		836FAD8D2151413700160BB3 /* CoreData.framework in Frameworks */ = {isa = PBXBuildFile; fileRef = 83DDDBB91F428CB100B14FEB /* CoreData.framework */; };
		836FAD8E2151413700160BB3 /* MapKit.framework in Frameworks */ = {isa = PBXBuildFile; fileRef = 8337563A1F9E938C00336744 /* MapKit.framework */; };
		836FAD8F2151413700160BB3 /* Pods_Savour.framework in Frameworks */ = {isa = PBXBuildFile; fileRef = 6F980AE6E64BD897759D3C16 /* Pods_Savour.framework */; };
		836FAD912151413700160BB3 /* Location.gpx in Resources */ = {isa = PBXBuildFile; fileRef = 834F1A822045179E002AA6FD /* Location.gpx */; };
		836FAD932151413700160BB3 /* LaunchScreen.storyboard in Resources */ = {isa = PBXBuildFile; fileRef = 83802D751F2ED1FD00E315FB /* LaunchScreen.storyboard */; };
		836FAD952151413700160BB3 /* Main.storyboard in Resources */ = {isa = PBXBuildFile; fileRef = 834C1E111F31518F002D7198 /* Main.storyboard */; };
		836FAD962151413700160BB3 /* Assets.xcassets in Resources */ = {isa = PBXBuildFile; fileRef = 83802D731F2ED1FD00E315FB /* Assets.xcassets */; };
		836FAD972151413700160BB3 /* Acknowledgements.plist in Resources */ = {isa = PBXBuildFile; fileRef = 83BA5CCC1FFB3E6F009C7880 /* Acknowledgements.plist */; };
		836FAD982151413700160BB3 /* Onboarding.storyboard in Resources */ = {isa = PBXBuildFile; fileRef = 83802D701F2ED1FD00E315FB /* Onboarding.storyboard */; };
		836FAD992151413700160BB3 /* tutorial.storyboard in Resources */ = {isa = PBXBuildFile; fileRef = 83BC91E71F8C0FB20031C372 /* tutorial.storyboard */; };
		836FAD9A2151413700160BB3 /* RestaurantDetails.storyboard in Resources */ = {isa = PBXBuildFile; fileRef = 8320E97E1F3E1ED700D6A0DF /* RestaurantDetails.storyboard */; };
		836FAD9B2151413700160BB3 /* DealDetails.storyboard in Resources */ = {isa = PBXBuildFile; fileRef = 83446AA81F3C06AB00CBE73E /* DealDetails.storyboard */; };
		836FAD9F2151413700160BB3 /* OneSignalNotificationServiceExtension.appex in Embed App Extensions */ = {isa = PBXBuildFile; fileRef = 8397B2C11F951D3400EC392C /* OneSignalNotificationServiceExtension.appex */; settings = {ATTRIBUTES = (RemoveHeadersOnCopy, ); }; };
		836FADBB215146FD00160BB3 /* DealsData.swift in Sources */ = {isa = PBXBuildFile; fileRef = 836FADBA215146FD00160BB3 /* DealsData.swift */; };
		836FADBC215146FD00160BB3 /* DealsData.swift in Sources */ = {isa = PBXBuildFile; fileRef = 836FADBA215146FD00160BB3 /* DealsData.swift */; };
		836FADBE2151474100160BB3 /* Deal.swift in Sources */ = {isa = PBXBuildFile; fileRef = 836FADBD2151474100160BB3 /* Deal.swift */; };
		836FADBF2151474100160BB3 /* Deal.swift in Sources */ = {isa = PBXBuildFile; fileRef = 836FADBD2151474100160BB3 /* Deal.swift */; };
		836FADC12151475100160BB3 /* Vendor.swift in Sources */ = {isa = PBXBuildFile; fileRef = 836FADC02151475100160BB3 /* Vendor.swift */; };
		836FADC22151475100160BB3 /* Vendor.swift in Sources */ = {isa = PBXBuildFile; fileRef = 836FADC02151475100160BB3 /* Vendor.swift */; };
		836FE96F20AD3B0A00E08B31 /* Location.gpx in Resources */ = {isa = PBXBuildFile; fileRef = 834F1A822045179E002AA6FD /* Location.gpx */; };
		83802D6D1F2ED1FD00E315FB /* AppDelegate.swift in Sources */ = {isa = PBXBuildFile; fileRef = 83802D6C1F2ED1FD00E315FB /* AppDelegate.swift */; };
		83802D6F1F2ED1FD00E315FB /* LoginViewController.swift in Sources */ = {isa = PBXBuildFile; fileRef = 83802D6E1F2ED1FD00E315FB /* LoginViewController.swift */; };
		83802D721F2ED1FD00E315FB /* Onboarding.storyboard in Resources */ = {isa = PBXBuildFile; fileRef = 83802D701F2ED1FD00E315FB /* Onboarding.storyboard */; };
		83802D741F2ED1FD00E315FB /* Assets.xcassets in Resources */ = {isa = PBXBuildFile; fileRef = 83802D731F2ED1FD00E315FB /* Assets.xcassets */; };
		83802D771F2ED1FD00E315FB /* LaunchScreen.storyboard in Resources */ = {isa = PBXBuildFile; fileRef = 83802D751F2ED1FD00E315FB /* LaunchScreen.storyboard */; };
		8397B2C41F951D3400EC392C /* NotificationService.swift in Sources */ = {isa = PBXBuildFile; fileRef = 8397B2C31F951D3400EC392C /* NotificationService.swift */; };
		8397B2C81F951D3400EC392C /* OneSignalNotificationServiceExtension.appex in Embed App Extensions */ = {isa = PBXBuildFile; fileRef = 8397B2C11F951D3400EC392C /* OneSignalNotificationServiceExtension.appex */; settings = {ATTRIBUTES = (RemoveHeadersOnCopy, ); }; };
		83BA5CCD1FFB3E6F009C7880 /* Acknowledgements.plist in Resources */ = {isa = PBXBuildFile; fileRef = 83BA5CCC1FFB3E6F009C7880 /* Acknowledgements.plist */; };
		83BC91E81F8C0FB30031C372 /* tutorial.storyboard in Resources */ = {isa = PBXBuildFile; fileRef = 83BC91E71F8C0FB20031C372 /* tutorial.storyboard */; };
		83BC91EA1F8C12DC0031C372 /* OnboardingController.swift in Sources */ = {isa = PBXBuildFile; fileRef = 83BC91E91F8C12DC0031C372 /* OnboardingController.swift */; };
		83DDDBB51F4157EC00B14FEB /* Globals.swift in Sources */ = {isa = PBXBuildFile; fileRef = 83DDDBB41F4157EC00B14FEB /* Globals.swift */; };
		83DDDBBA1F428CB100B14FEB /* CoreData.framework in Frameworks */ = {isa = PBXBuildFile; fileRef = 83DDDBB91F428CB100B14FEB /* CoreData.framework */; };
		83E4839520D0BF08009B4C3B /* extensions.swift in Sources */ = {isa = PBXBuildFile; fileRef = 83E4839420D0BF08009B4C3B /* extensions.swift */; };
		D8BA1170FEDB0BD1FDC4147D /* Pods_OneSignalNotificationServiceExtension.framework in Frameworks */ = {isa = PBXBuildFile; fileRef = 93783548216AAF666D4844DD /* Pods_OneSignalNotificationServiceExtension.framework */; };
/* End PBXBuildFile section */

/* Begin PBXContainerItemProxy section */
		836AFD2820DDAF85002DA873 /* PBXContainerItemProxy */ = {
			isa = PBXContainerItemProxy;
			containerPortal = 83802D611F2ED1FD00E315FB /* Project object */;
			proxyType = 1;
			remoteGlobalIDString = 83802D681F2ED1FD00E315FB;
			remoteInfo = Savour;
		};
		836FAD792151413700160BB3 /* PBXContainerItemProxy */ = {
			isa = PBXContainerItemProxy;
			containerPortal = 83802D611F2ED1FD00E315FB /* Project object */;
			proxyType = 1;
			remoteGlobalIDString = 8397B2C01F951D3400EC392C;
			remoteInfo = OneSignalNotificationServiceExtension;
		};
		8397B2C61F951D3400EC392C /* PBXContainerItemProxy */ = {
			isa = PBXContainerItemProxy;
			containerPortal = 83802D611F2ED1FD00E315FB /* Project object */;
			proxyType = 1;
			remoteGlobalIDString = 8397B2C01F951D3400EC392C;
			remoteInfo = OneSignalNotificationServiceExtension;
		};
/* End PBXContainerItemProxy section */

/* Begin PBXCopyFilesBuildPhase section */
		836FAD9E2151413700160BB3 /* Embed App Extensions */ = {
			isa = PBXCopyFilesBuildPhase;
			buildActionMask = 2147483647;
			dstPath = "";
			dstSubfolderSpec = 13;
			files = (
				836FAD9F2151413700160BB3 /* OneSignalNotificationServiceExtension.appex in Embed App Extensions */,
			);
			name = "Embed App Extensions";
			runOnlyForDeploymentPostprocessing = 0;
		};
		8397B2CC1F951D3400EC392C /* Embed App Extensions */ = {
			isa = PBXCopyFilesBuildPhase;
			buildActionMask = 2147483647;
			dstPath = "";
			dstSubfolderSpec = 13;
			files = (
				8397B2C81F951D3400EC392C /* OneSignalNotificationServiceExtension.appex in Embed App Extensions */,
			);
			name = "Embed App Extensions";
			runOnlyForDeploymentPostprocessing = 0;
		};
/* End PBXCopyFilesBuildPhase section */

/* Begin PBXFileReference section */
		09AF41A9D1B4F9CB19534A88 /* Pods-OneSignalNotificationServiceExtension.release.xcconfig */ = {isa = PBXFileReference; includeInIndex = 1; lastKnownFileType = text.xcconfig; name = "Pods-OneSignalNotificationServiceExtension.release.xcconfig"; path = "Pods/Target Support Files/Pods-OneSignalNotificationServiceExtension/Pods-OneSignalNotificationServiceExtension.release.xcconfig"; sourceTree = "<group>"; };
		11FC412B5DFD4025E307D473 /* Pods-OneSignalNotificationServiceExtension.debug.xcconfig */ = {isa = PBXFileReference; includeInIndex = 1; lastKnownFileType = text.xcconfig; name = "Pods-OneSignalNotificationServiceExtension.debug.xcconfig"; path = "Pods/Target Support Files/Pods-OneSignalNotificationServiceExtension/Pods-OneSignalNotificationServiceExtension.debug.xcconfig"; sourceTree = "<group>"; };
		6F980AE6E64BD897759D3C16 /* Pods_Savour.framework */ = {isa = PBXFileReference; explicitFileType = wrapper.framework; includeInIndex = 0; path = Pods_Savour.framework; sourceTree = BUILT_PRODUCTS_DIR; };
		8312B9D7215177CF00D8F2AF /* GoogleService-Info.plist */ = {isa = PBXFileReference; fileEncoding = 4; lastKnownFileType = text.plist.xml; name = "GoogleService-Info.plist"; path = "GoogleAPI/Release/GoogleService-Info.plist"; sourceTree = "<group>"; };
		8312B9DC215178B400D8F2AF /* GoogleService-Info.plist */ = {isa = PBXFileReference; fileEncoding = 4; lastKnownFileType = text.plist.xml; name = "GoogleService-Info.plist"; path = "GoogleAPI/Debug/GoogleService-Info.plist"; sourceTree = "<group>"; };
		8320E97E1F3E1ED700D6A0DF /* RestaurantDetails.storyboard */ = {isa = PBXFileReference; fileEncoding = 4; lastKnownFileType = file.storyboard; path = RestaurantDetails.storyboard; sourceTree = "<group>"; };
		833756381F9E7F4E00336744 /* VendorMapViewController.swift */ = {isa = PBXFileReference; lastKnownFileType = sourcecode.swift; path = VendorMapViewController.swift; sourceTree = "<group>"; };
		8337563A1F9E938C00336744 /* MapKit.framework */ = {isa = PBXFileReference; lastKnownFileType = wrapper.framework; name = MapKit.framework; path = System/Library/Frameworks/MapKit.framework; sourceTree = SDKROOT; };
		833D55E71FB6A91A00C66125 /* TabBarViewController.swift */ = {isa = PBXFileReference; lastKnownFileType = sourcecode.swift; path = TabBarViewController.swift; sourceTree = "<group>"; };
		83446A9F1F381BC500CBE73E /* FavoritesViewController.swift */ = {isa = PBXFileReference; fileEncoding = 4; lastKnownFileType = sourcecode.swift; path = FavoritesViewController.swift; sourceTree = "<group>"; };
		83446AA11F3BDC6400CBE73E /* AccountViewController.swift */ = {isa = PBXFileReference; fileEncoding = 4; lastKnownFileType = sourcecode.swift; path = AccountViewController.swift; sourceTree = "<group>"; };
		83446AA81F3C06AB00CBE73E /* DealDetails.storyboard */ = {isa = PBXFileReference; fileEncoding = 4; lastKnownFileType = file.storyboard; path = DealDetails.storyboard; sourceTree = "<group>"; };
		83446AAA1F3C130400CBE73E /* DealViewController.swift */ = {isa = PBXFileReference; fileEncoding = 4; lastKnownFileType = sourcecode.swift; path = DealViewController.swift; sourceTree = "<group>"; };
		83446AAC1F3C1D4200CBE73E /* RestaurantViewController.swift */ = {isa = PBXFileReference; fileEncoding = 4; lastKnownFileType = sourcecode.swift; path = RestaurantViewController.swift; sourceTree = "<group>"; };
		834C1E111F31518F002D7198 /* Main.storyboard */ = {isa = PBXFileReference; fileEncoding = 4; lastKnownFileType = file.storyboard; path = Main.storyboard; sourceTree = "<group>"; };
		834C1E131F3151A4002D7198 /* ViewController.swift */ = {isa = PBXFileReference; fileEncoding = 4; lastKnownFileType = sourcecode.swift; path = ViewController.swift; sourceTree = "<group>"; };
		834C1E151F315BA8002D7198 /* SignUpViewController.swift */ = {isa = PBXFileReference; fileEncoding = 4; lastKnownFileType = sourcecode.swift; path = SignUpViewController.swift; sourceTree = "<group>"; };
		834C1E191F3187AA002D7198 /* VendorsData.swift */ = {isa = PBXFileReference; fileEncoding = 4; lastKnownFileType = sourcecode.swift; lineEnding = 0; path = VendorsData.swift; sourceTree = "<group>"; };
		834C1E1B1F3194B6002D7198 /* DealTableViewCell.swift */ = {isa = PBXFileReference; fileEncoding = 4; lastKnownFileType = sourcecode.swift; path = DealTableViewCell.swift; sourceTree = "<group>"; };
		834F1A822045179E002AA6FD /* Location.gpx */ = {isa = PBXFileReference; lastKnownFileType = text.xml; path = Location.gpx; sourceTree = "<group>"; };
		836AFD0E20DCA5BA002DA873 /* ratingsHelper.swift */ = {isa = PBXFileReference; lastKnownFileType = sourcecode.swift; path = ratingsHelper.swift; sourceTree = "<group>"; };
		836AFD2320DDAF85002DA873 /* SavourDealsUITests.xctest */ = {isa = PBXFileReference; explicitFileType = wrapper.cfbundle; includeInIndex = 0; path = SavourDealsUITests.xctest; sourceTree = BUILT_PRODUCTS_DIR; };
		836AFD2520DDAF85002DA873 /* SavourDealsUITests.swift */ = {isa = PBXFileReference; lastKnownFileType = sourcecode.swift; path = SavourDealsUITests.swift; sourceTree = "<group>"; };
		836AFD2720DDAF85002DA873 /* Info.plist */ = {isa = PBXFileReference; lastKnownFileType = text.plist.xml; path = Info.plist; sourceTree = "<group>"; };
		836AFD3220DDB4AA002DA873 /* SnapshotHelper.swift */ = {isa = PBXFileReference; fileEncoding = 4; lastKnownFileType = sourcecode.swift; path = SnapshotHelper.swift; sourceTree = "<group>"; };
		836FADA42151413700160BB3 /* Savour Test.app */ = {isa = PBXFileReference; explicitFileType = wrapper.application; includeInIndex = 0; path = "Savour Test.app"; sourceTree = BUILT_PRODUCTS_DIR; };
		836FADBA215146FD00160BB3 /* DealsData.swift */ = {isa = PBXFileReference; lastKnownFileType = sourcecode.swift; path = DealsData.swift; sourceTree = "<group>"; };
		836FADBD2151474100160BB3 /* Deal.swift */ = {isa = PBXFileReference; lastKnownFileType = sourcecode.swift; path = Deal.swift; sourceTree = "<group>"; };
		836FADC02151475100160BB3 /* Vendor.swift */ = {isa = PBXFileReference; lastKnownFileType = sourcecode.swift; path = Vendor.swift; sourceTree = "<group>"; };
		83802D691F2ED1FD00E315FB /* Savour Prod.app */ = {isa = PBXFileReference; explicitFileType = wrapper.application; includeInIndex = 0; path = "Savour Prod.app"; sourceTree = BUILT_PRODUCTS_DIR; };
		83802D6C1F2ED1FD00E315FB /* AppDelegate.swift */ = {isa = PBXFileReference; lastKnownFileType = sourcecode.swift; path = AppDelegate.swift; sourceTree = "<group>"; };
		83802D6E1F2ED1FD00E315FB /* LoginViewController.swift */ = {isa = PBXFileReference; lastKnownFileType = sourcecode.swift; path = LoginViewController.swift; sourceTree = "<group>"; };
		83802D711F2ED1FD00E315FB /* Base */ = {isa = PBXFileReference; lastKnownFileType = file.storyboard; name = Base; path = Base.lproj/Onboarding.storyboard; sourceTree = "<group>"; };
		83802D731F2ED1FD00E315FB /* Assets.xcassets */ = {isa = PBXFileReference; lastKnownFileType = folder.assetcatalog; path = Assets.xcassets; sourceTree = "<group>"; };
		83802D761F2ED1FD00E315FB /* Base */ = {isa = PBXFileReference; lastKnownFileType = file.storyboard; name = Base; path = Base.lproj/LaunchScreen.storyboard; sourceTree = "<group>"; };
		83802D781F2ED1FD00E315FB /* Info.plist */ = {isa = PBXFileReference; lastKnownFileType = text.plist.xml; path = Info.plist; sourceTree = "<group>"; };
		8397B2C11F951D3400EC392C /* OneSignalNotificationServiceExtension.appex */ = {isa = PBXFileReference; explicitFileType = "wrapper.app-extension"; includeInIndex = 0; path = OneSignalNotificationServiceExtension.appex; sourceTree = BUILT_PRODUCTS_DIR; };
		8397B2C31F951D3400EC392C /* NotificationService.swift */ = {isa = PBXFileReference; lastKnownFileType = sourcecode.swift; path = NotificationService.swift; sourceTree = "<group>"; };
		8397B2C51F951D3400EC392C /* Info.plist */ = {isa = PBXFileReference; lastKnownFileType = text.plist.xml; path = Info.plist; sourceTree = "<group>"; };
		8397B2CD1F95201500EC392C /* OneSignalNotificationServiceExtension.entitlements */ = {isa = PBXFileReference; lastKnownFileType = text.plist.entitlements; path = OneSignalNotificationServiceExtension.entitlements; sourceTree = "<group>"; };
		83B0F94D1F32C64C00759C34 /* Savour.entitlements */ = {isa = PBXFileReference; lastKnownFileType = text.plist.entitlements; path = Savour.entitlements; sourceTree = "<group>"; };
		83BA5CCC1FFB3E6F009C7880 /* Acknowledgements.plist */ = {isa = PBXFileReference; fileEncoding = 4; lastKnownFileType = text.plist.xml; path = Acknowledgements.plist; sourceTree = "<group>"; };
		83BC91E71F8C0FB20031C372 /* tutorial.storyboard */ = {isa = PBXFileReference; lastKnownFileType = file.storyboard; path = tutorial.storyboard; sourceTree = "<group>"; };
		83BC91E91F8C12DC0031C372 /* OnboardingController.swift */ = {isa = PBXFileReference; lastKnownFileType = sourcecode.swift; path = OnboardingController.swift; sourceTree = "<group>"; };
		83DBBE371F747945007B58DD /* leveldb.framework */ = {isa = PBXFileReference; explicitFileType = wrapper.framework; path = leveldb.framework; sourceTree = BUILT_PRODUCTS_DIR; };
		83DDDBB41F4157EC00B14FEB /* Globals.swift */ = {isa = PBXFileReference; fileEncoding = 4; lastKnownFileType = sourcecode.swift; path = Globals.swift; sourceTree = "<group>"; };
		83DDDBB91F428CB100B14FEB /* CoreData.framework */ = {isa = PBXFileReference; lastKnownFileType = wrapper.framework; name = CoreData.framework; path = System/Library/Frameworks/CoreData.framework; sourceTree = SDKROOT; };
		83E4839420D0BF08009B4C3B /* extensions.swift */ = {isa = PBXFileReference; lastKnownFileType = sourcecode.swift; path = extensions.swift; sourceTree = "<group>"; };
		93783548216AAF666D4844DD /* Pods_OneSignalNotificationServiceExtension.framework */ = {isa = PBXFileReference; explicitFileType = wrapper.framework; includeInIndex = 0; path = Pods_OneSignalNotificationServiceExtension.framework; sourceTree = BUILT_PRODUCTS_DIR; };
		B71047018234E33720347934 /* Pods-Savour.debug.xcconfig */ = {isa = PBXFileReference; includeInIndex = 1; lastKnownFileType = text.xcconfig; name = "Pods-Savour.debug.xcconfig"; path = "Pods/Target Support Files/Pods-Savour/Pods-Savour.debug.xcconfig"; sourceTree = "<group>"; };
		B75C9FD65B2C6096EF260051 /* Pods-Savour.release.xcconfig */ = {isa = PBXFileReference; includeInIndex = 1; lastKnownFileType = text.xcconfig; name = "Pods-Savour.release.xcconfig"; path = "Pods/Target Support Files/Pods-Savour/Pods-Savour.release.xcconfig"; sourceTree = "<group>"; };
/* End PBXFileReference section */

/* Begin PBXFrameworksBuildPhase section */
		836AFD2020DDAF85002DA873 /* Frameworks */ = {
			isa = PBXFrameworksBuildPhase;
			buildActionMask = 2147483647;
			files = (
			);
			runOnlyForDeploymentPostprocessing = 0;
		};
		836FAD8C2151413700160BB3 /* Frameworks */ = {
			isa = PBXFrameworksBuildPhase;
			buildActionMask = 2147483647;
			files = (
				836FAD8D2151413700160BB3 /* CoreData.framework in Frameworks */,
				836FAD8E2151413700160BB3 /* MapKit.framework in Frameworks */,
				836FAD8F2151413700160BB3 /* Pods_Savour.framework in Frameworks */,
			);
			runOnlyForDeploymentPostprocessing = 0;
		};
		83802D661F2ED1FD00E315FB /* Frameworks */ = {
			isa = PBXFrameworksBuildPhase;
			buildActionMask = 2147483647;
			files = (
				83DDDBBA1F428CB100B14FEB /* CoreData.framework in Frameworks */,
				8337563B1F9E938C00336744 /* MapKit.framework in Frameworks */,
				5E2B77275480E79A210575D7 /* Pods_Savour.framework in Frameworks */,
			);
			runOnlyForDeploymentPostprocessing = 0;
		};
		8397B2BE1F951D3400EC392C /* Frameworks */ = {
			isa = PBXFrameworksBuildPhase;
			buildActionMask = 2147483647;
			files = (
				D8BA1170FEDB0BD1FDC4147D /* Pods_OneSignalNotificationServiceExtension.framework in Frameworks */,
			);
			runOnlyForDeploymentPostprocessing = 0;
		};
/* End PBXFrameworksBuildPhase section */

/* Begin PBXGroup section */
		836AFD2420DDAF85002DA873 /* SavourDealsUITests */ = {
			isa = PBXGroup;
			children = (
				836AFD3220DDB4AA002DA873 /* SnapshotHelper.swift */,
				836AFD2520DDAF85002DA873 /* SavourDealsUITests.swift */,
				836AFD2720DDAF85002DA873 /* Info.plist */,
			);
			path = SavourDealsUITests;
			sourceTree = "<group>";
		};
		836FADB42151457900160BB3 /* ViewControllers */ = {
			isa = PBXGroup;
			children = (
				836FADB9215146C000160BB3 /* Vendor+Deal */,
				836FADB82151467B00160BB3 /* Login */,
				836FADB72151464900160BB3 /* MainTabs */,
				833D55E71FB6A91A00C66125 /* TabBarViewController.swift */,
				834C1E1B1F3194B6002D7198 /* DealTableViewCell.swift */,
			);
			name = ViewControllers;
			sourceTree = "<group>";
		};
		836FADB5215145AF00160BB3 /* Storyboards */ = {
			isa = PBXGroup;
			children = (
				83802D751F2ED1FD00E315FB /* LaunchScreen.storyboard */,
				834C1E111F31518F002D7198 /* Main.storyboard */,
				83802D701F2ED1FD00E315FB /* Onboarding.storyboard */,
				83BC91E71F8C0FB20031C372 /* tutorial.storyboard */,
				83446AA81F3C06AB00CBE73E /* DealDetails.storyboard */,
				8320E97E1F3E1ED700D6A0DF /* RestaurantDetails.storyboard */,
			);
			name = Storyboards;
			sourceTree = "<group>";
		};
		836FADB62151460000160BB3 /* Helpers */ = {
			isa = PBXGroup;
			children = (
				83DDDBB41F4157EC00B14FEB /* Globals.swift */,
				83E4839420D0BF08009B4C3B /* extensions.swift */,
				836AFD0E20DCA5BA002DA873 /* ratingsHelper.swift */,
			);
			name = Helpers;
			sourceTree = "<group>";
		};
		836FADB72151464900160BB3 /* MainTabs */ = {
			isa = PBXGroup;
			children = (
				83446AA11F3BDC6400CBE73E /* AccountViewController.swift */,
				834C1E131F3151A4002D7198 /* ViewController.swift */,
				833756381F9E7F4E00336744 /* VendorMapViewController.swift */,
				83446A9F1F381BC500CBE73E /* FavoritesViewController.swift */,
			);
			name = MainTabs;
			sourceTree = "<group>";
		};
		836FADB82151467B00160BB3 /* Login */ = {
			isa = PBXGroup;
			children = (
				83BC91E91F8C12DC0031C372 /* OnboardingController.swift */,
				834C1E151F315BA8002D7198 /* SignUpViewController.swift */,
				83802D6E1F2ED1FD00E315FB /* LoginViewController.swift */,
			);
			name = Login;
			sourceTree = "<group>";
		};
		836FADB9215146C000160BB3 /* Vendor+Deal */ = {
			isa = PBXGroup;
			children = (
				83446AAA1F3C130400CBE73E /* DealViewController.swift */,
				83446AAC1F3C1D4200CBE73E /* RestaurantViewController.swift */,
			);
			name = "Vendor+Deal";
			sourceTree = "<group>";
		};
		83802D601F2ED1FD00E315FB = {
			isa = PBXGroup;
			children = (
				83802D6B1F2ED1FD00E315FB /* Savour */,
				8397B2C21F951D3400EC392C /* OneSignalNotificationServiceExtension */,
				836AFD2420DDAF85002DA873 /* SavourDealsUITests */,
				83802D6A1F2ED1FD00E315FB /* Products */,
				9843D2A17469187CACDB6A4C /* Frameworks */,
				E3369BFE56DB7D02F0FFA0FF /* Pods */,
			);
			sourceTree = "<group>";
		};
		83802D6A1F2ED1FD00E315FB /* Products */ = {
			isa = PBXGroup;
			children = (
				83802D691F2ED1FD00E315FB /* Savour Prod.app */,
				8397B2C11F951D3400EC392C /* OneSignalNotificationServiceExtension.appex */,
				836AFD2320DDAF85002DA873 /* SavourDealsUITests.xctest */,
				836FADA42151413700160BB3 /* Savour Test.app */,
			);
			name = Products;
			sourceTree = "<group>";
		};
		83802D6B1F2ED1FD00E315FB /* Savour */ = {
			isa = PBXGroup;
			children = (
				8312B9D7215177CF00D8F2AF /* GoogleService-Info.plist */,
				8312B9DC215178B400D8F2AF /* GoogleService-Info.plist */,
				83BA5CCC1FFB3E6F009C7880 /* Acknowledgements.plist */,
				83B0F94D1F32C64C00759C34 /* Savour.entitlements */,
				83802D6C1F2ED1FD00E315FB /* AppDelegate.swift */,
				834F1A822045179E002AA6FD /* Location.gpx */,
				836FADB62151460000160BB3 /* Helpers */,
				836FADB42151457900160BB3 /* ViewControllers */,
				836FADB5215145AF00160BB3 /* Storyboards */,
				83AD05E11F744EB5001B780E /* Data */,
				83802D731F2ED1FD00E315FB /* Assets.xcassets */,
				83802D781F2ED1FD00E315FB /* Info.plist */,
			);
			path = Savour;
			sourceTree = "<group>";
		};
		8397B2C21F951D3400EC392C /* OneSignalNotificationServiceExtension */ = {
			isa = PBXGroup;
			children = (
				8397B2CD1F95201500EC392C /* OneSignalNotificationServiceExtension.entitlements */,
				8397B2C31F951D3400EC392C /* NotificationService.swift */,
				8397B2C51F951D3400EC392C /* Info.plist */,
			);
			path = OneSignalNotificationServiceExtension;
			sourceTree = "<group>";
		};
		83AD05E11F744EB5001B780E /* Data */ = {
			isa = PBXGroup;
			children = (
				834C1E191F3187AA002D7198 /* VendorsData.swift */,
				836FADBA215146FD00160BB3 /* DealsData.swift */,
				836FADBD2151474100160BB3 /* Deal.swift */,
				836FADC02151475100160BB3 /* Vendor.swift */,
			);
			name = Data;
			sourceTree = "<group>";
		};
		9843D2A17469187CACDB6A4C /* Frameworks */ = {
			isa = PBXGroup;
			children = (
				8337563A1F9E938C00336744 /* MapKit.framework */,
				83DBBE371F747945007B58DD /* leveldb.framework */,
				83DDDBB91F428CB100B14FEB /* CoreData.framework */,
				6F980AE6E64BD897759D3C16 /* Pods_Savour.framework */,
				93783548216AAF666D4844DD /* Pods_OneSignalNotificationServiceExtension.framework */,
			);
			name = Frameworks;
			sourceTree = "<group>";
		};
		E3369BFE56DB7D02F0FFA0FF /* Pods */ = {
			isa = PBXGroup;
			children = (
				B71047018234E33720347934 /* Pods-Savour.debug.xcconfig */,
				B75C9FD65B2C6096EF260051 /* Pods-Savour.release.xcconfig */,
				11FC412B5DFD4025E307D473 /* Pods-OneSignalNotificationServiceExtension.debug.xcconfig */,
				09AF41A9D1B4F9CB19534A88 /* Pods-OneSignalNotificationServiceExtension.release.xcconfig */,
			);
			name = Pods;
			sourceTree = "<group>";
		};
/* End PBXGroup section */

/* Begin PBXNativeTarget section */
		836AFD2220DDAF85002DA873 /* SavourDealsUITests */ = {
			isa = PBXNativeTarget;
			buildConfigurationList = 836AFD2A20DDAF85002DA873 /* Build configuration list for PBXNativeTarget "SavourDealsUITests" */;
			buildPhases = (
				836AFD1F20DDAF85002DA873 /* Sources */,
				836AFD2020DDAF85002DA873 /* Frameworks */,
				836AFD2120DDAF85002DA873 /* Resources */,
			);
			buildRules = (
			);
			dependencies = (
				836AFD2920DDAF85002DA873 /* PBXTargetDependency */,
			);
			name = SavourDealsUITests;
			productName = SavourDealsUITests;
			productReference = 836AFD2320DDAF85002DA873 /* SavourDealsUITests.xctest */;
			productType = "com.apple.product-type.bundle.ui-testing";
		};
		836FAD772151413700160BB3 /* Savour Test */ = {
			isa = PBXNativeTarget;
			buildConfigurationList = 836FADA12151413700160BB3 /* Build configuration list for PBXNativeTarget "Savour Test" */;
			buildPhases = (
				836FAD7A2151413700160BB3 /* [CP] Check Pods Manifest.lock */,
				836FAD7B2151413700160BB3 /* Sources */,
				836FAD8C2151413700160BB3 /* Frameworks */,
				836FAD902151413700160BB3 /* Resources */,
				836FAD9C2151413700160BB3 /* [CP] Embed Pods Frameworks */,
				836FAD9D2151413700160BB3 /* [CP] Copy Pods Resources */,
				836FAD9E2151413700160BB3 /* Embed App Extensions */,
				836FADA02151413700160BB3 /* ShellScript */,
			);
			buildRules = (
			);
			dependencies = (
				836FAD782151413700160BB3 /* PBXTargetDependency */,
			);
			name = "Savour Test";
			productName = Savour;
			productReference = 836FADA42151413700160BB3 /* Savour Test.app */;
			productType = "com.apple.product-type.application";
		};
		83802D681F2ED1FD00E315FB /* Savour Prod */ = {
			isa = PBXNativeTarget;
			buildConfigurationList = 83802D7B1F2ED1FD00E315FB /* Build configuration list for PBXNativeTarget "Savour Prod" */;
			buildPhases = (
				F58B04EE3AC9DA34A8A54CC7 /* [CP] Check Pods Manifest.lock */,
				83802D651F2ED1FD00E315FB /* Sources */,
				83802D661F2ED1FD00E315FB /* Frameworks */,
				83802D671F2ED1FD00E315FB /* Resources */,
				E86C244E482D842BC617C82B /* [CP] Embed Pods Frameworks */,
				5F6D7E9D62B0C52D1A65114D /* [CP] Copy Pods Resources */,
				8397B2CC1F951D3400EC392C /* Embed App Extensions */,
				834A45E420A2D33300A0A031 /* ShellScript */,
			);
			buildRules = (
			);
			dependencies = (
				8397B2C71F951D3400EC392C /* PBXTargetDependency */,
			);
			name = "Savour Prod";
			productName = Savour;
			productReference = 83802D691F2ED1FD00E315FB /* Savour Prod.app */;
			productType = "com.apple.product-type.application";
		};
		8397B2C01F951D3400EC392C /* OneSignalNotificationServiceExtension */ = {
			isa = PBXNativeTarget;
			buildConfigurationList = 8397B2C91F951D3400EC392C /* Build configuration list for PBXNativeTarget "OneSignalNotificationServiceExtension" */;
			buildPhases = (
				FA32F170A98F2948B26B6CB2 /* [CP] Check Pods Manifest.lock */,
				8397B2BD1F951D3400EC392C /* Sources */,
				8397B2BE1F951D3400EC392C /* Frameworks */,
				8397B2BF1F951D3400EC392C /* Resources */,
				51F691A61046BD055EB096F9 /* [CP] Copy Pods Resources */,
			);
			buildRules = (
			);
			dependencies = (
			);
			name = OneSignalNotificationServiceExtension;
			productName = OneSignalNotificationServiceExtension;
			productReference = 8397B2C11F951D3400EC392C /* OneSignalNotificationServiceExtension.appex */;
			productType = "com.apple.product-type.app-extension";
		};
/* End PBXNativeTarget section */

/* Begin PBXProject section */
		83802D611F2ED1FD00E315FB /* Project object */ = {
			isa = PBXProject;
			attributes = {
				LastSwiftUpdateCheck = 0940;
				LastUpgradeCheck = 0940;
				ORGANIZATIONNAME = "Chris Patterson";
				TargetAttributes = {
					836AFD2220DDAF85002DA873 = {
						CreatedOnToolsVersion = 9.4;
						DevelopmentTeam = C5FUB5PT9S;
						LastSwiftMigration = 1000;
						ProvisioningStyle = Automatic;
						TestTargetID = 83802D681F2ED1FD00E315FB;
					};
					836FAD772151413700160BB3 = {
						DevelopmentTeam = C5FUB5PT9S;
						ProvisioningStyle = Automatic;
					};
					83802D681F2ED1FD00E315FB = {
						CreatedOnToolsVersion = 8.3.3;
						DevelopmentTeam = C5FUB5PT9S;
						LastSwiftMigration = 1000;
						ProvisioningStyle = Automatic;
						SystemCapabilities = {
							com.apple.BackgroundModes = {
								enabled = 1;
							};
							com.apple.Keychain = {
								enabled = 1;
							};
							com.apple.Maps.iOS = {
								enabled = 1;
							};
							com.apple.Push = {
								enabled = 1;
							};
						};
					};
					8397B2C01F951D3400EC392C = {
						CreatedOnToolsVersion = 9.0;
						DevelopmentTeam = C5FUB5PT9S;
						LastSwiftMigration = 1000;
						ProvisioningStyle = Automatic;
						SystemCapabilities = {
							com.apple.Push = {
								enabled = 1;
							};
						};
					};
				};
			};
			buildConfigurationList = 83802D641F2ED1FD00E315FB /* Build configuration list for PBXProject "Savour" */;
			compatibilityVersion = "Xcode 3.2";
			developmentRegion = English;
			hasScannedForEncodings = 0;
			knownRegions = (
				en,
				Base,
			);
			mainGroup = 83802D601F2ED1FD00E315FB;
			productRefGroup = 83802D6A1F2ED1FD00E315FB /* Products */;
			projectDirPath = "";
			projectRoot = "";
			targets = (
				83802D681F2ED1FD00E315FB /* Savour Prod */,
				836FAD772151413700160BB3 /* Savour Test */,
				8397B2C01F951D3400EC392C /* OneSignalNotificationServiceExtension */,
				836AFD2220DDAF85002DA873 /* SavourDealsUITests */,
			);
		};
/* End PBXProject section */

/* Begin PBXResourcesBuildPhase section */
		836AFD2120DDAF85002DA873 /* Resources */ = {
			isa = PBXResourcesBuildPhase;
			buildActionMask = 2147483647;
			files = (
			);
			runOnlyForDeploymentPostprocessing = 0;
		};
		836FAD902151413700160BB3 /* Resources */ = {
			isa = PBXResourcesBuildPhase;
			buildActionMask = 2147483647;
			files = (
				836FAD912151413700160BB3 /* Location.gpx in Resources */,
				836FAD932151413700160BB3 /* LaunchScreen.storyboard in Resources */,
				836FAD952151413700160BB3 /* Main.storyboard in Resources */,
				836FAD962151413700160BB3 /* Assets.xcassets in Resources */,
				836FAD972151413700160BB3 /* Acknowledgements.plist in Resources */,
				836FAD982151413700160BB3 /* Onboarding.storyboard in Resources */,
				836FAD992151413700160BB3 /* tutorial.storyboard in Resources */,
				8312B9DD215178B500D8F2AF /* GoogleService-Info.plist in Resources */,
				836FAD9A2151413700160BB3 /* RestaurantDetails.storyboard in Resources */,
				836FAD9B2151413700160BB3 /* DealDetails.storyboard in Resources */,
			);
			runOnlyForDeploymentPostprocessing = 0;
		};
		83802D671F2ED1FD00E315FB /* Resources */ = {
			isa = PBXResourcesBuildPhase;
			buildActionMask = 2147483647;
			files = (
				836FE96F20AD3B0A00E08B31 /* Location.gpx in Resources */,
				83802D771F2ED1FD00E315FB /* LaunchScreen.storyboard in Resources */,
				834C1E121F31518F002D7198 /* Main.storyboard in Resources */,
				83802D741F2ED1FD00E315FB /* Assets.xcassets in Resources */,
				83BA5CCD1FFB3E6F009C7880 /* Acknowledgements.plist in Resources */,
				83802D721F2ED1FD00E315FB /* Onboarding.storyboard in Resources */,
				83BC91E81F8C0FB30031C372 /* tutorial.storyboard in Resources */,
				8312B9D8215177CF00D8F2AF /* GoogleService-Info.plist in Resources */,
				8320E97F1F3E1ED700D6A0DF /* RestaurantDetails.storyboard in Resources */,
				83446AA91F3C06AB00CBE73E /* DealDetails.storyboard in Resources */,
			);
			runOnlyForDeploymentPostprocessing = 0;
		};
		8397B2BF1F951D3400EC392C /* Resources */ = {
			isa = PBXResourcesBuildPhase;
			buildActionMask = 2147483647;
			files = (
			);
			runOnlyForDeploymentPostprocessing = 0;
		};
/* End PBXResourcesBuildPhase section */

/* Begin PBXShellScriptBuildPhase section */
		51F691A61046BD055EB096F9 /* [CP] Copy Pods Resources */ = {
			isa = PBXShellScriptBuildPhase;
			buildActionMask = 2147483647;
			files = (
			);
			inputPaths = (
			);
			name = "[CP] Copy Pods Resources";
			outputPaths = (
			);
			runOnlyForDeploymentPostprocessing = 0;
			shellPath = /bin/sh;
			shellScript = "\"${SRCROOT}/Pods/Target Support Files/Pods-OneSignalNotificationServiceExtension/Pods-OneSignalNotificationServiceExtension-resources.sh\"\n";
			showEnvVarsInLog = 0;
		};
		5F6D7E9D62B0C52D1A65114D /* [CP] Copy Pods Resources */ = {
			isa = PBXShellScriptBuildPhase;
			buildActionMask = 2147483647;
			files = (
			);
			inputPaths = (
			);
			name = "[CP] Copy Pods Resources";
			outputPaths = (
			);
			runOnlyForDeploymentPostprocessing = 0;
			shellPath = /bin/sh;
			shellScript = "\"${SRCROOT}/Pods/Target Support Files/Pods-Savour/Pods-Savour-resources.sh\"\n";
			showEnvVarsInLog = 0;
		};
		834A45E420A2D33300A0A031 /* ShellScript */ = {
			isa = PBXShellScriptBuildPhase;
			buildActionMask = 2147483647;
			files = (
			);
			inputPaths = (
			);
			outputPaths = (
			);
			runOnlyForDeploymentPostprocessing = 0;
			shellPath = /bin/sh;
			shellScript = "\"${PODS_ROOT}/Fabric/run\"\n\n";
		};
		836FAD7A2151413700160BB3 /* [CP] Check Pods Manifest.lock */ = {
			isa = PBXShellScriptBuildPhase;
			buildActionMask = 2147483647;
			files = (
			);
			inputPaths = (
				"${PODS_PODFILE_DIR_PATH}/Podfile.lock",
				"${PODS_ROOT}/Manifest.lock",
			);
			name = "[CP] Check Pods Manifest.lock";
			outputPaths = (
				"$(DERIVED_FILE_DIR)/Pods-Savour-checkManifestLockResult.txt",
			);
			runOnlyForDeploymentPostprocessing = 0;
			shellPath = /bin/sh;
			shellScript = "diff \"${PODS_PODFILE_DIR_PATH}/Podfile.lock\" \"${PODS_ROOT}/Manifest.lock\" > /dev/null\nif [ $? != 0 ] ; then\n    # print error to STDERR\n    echo \"error: The sandbox is not in sync with the Podfile.lock. Run 'pod install' or update your CocoaPods installation.\" >&2\n    exit 1\nfi\n# This output is used by Xcode 'outputs' to avoid re-running this script phase.\necho \"SUCCESS\" > \"${SCRIPT_OUTPUT_FILE_0}\"\n";
			showEnvVarsInLog = 0;
		};
		836FAD9C2151413700160BB3 /* [CP] Embed Pods Frameworks */ = {
			isa = PBXShellScriptBuildPhase;
			buildActionMask = 2147483647;
			files = (
			);
			inputPaths = (
				"${SRCROOT}/Pods/Target Support Files/Pods-Savour/Pods-Savour-frameworks.sh",
				"${BUILT_PRODUCTS_DIR}/AcknowList/AcknowList.framework",
				"${BUILT_PRODUCTS_DIR}/Bolts/Bolts.framework",
				"${BUILT_PRODUCTS_DIR}/FBSDKCoreKit/FBSDKCoreKit.framework",
				"${BUILT_PRODUCTS_DIR}/FBSDKLoginKit/FBSDKLoginKit.framework",
				"${BUILT_PRODUCTS_DIR}/FBSDKShareKit/FBSDKShareKit.framework",
				"${BUILT_PRODUCTS_DIR}/GTMSessionFetcher/GTMSessionFetcher.framework",
				"${BUILT_PRODUCTS_DIR}/GTProgressBar/GTProgressBar.framework",
				"${BUILT_PRODUCTS_DIR}/GoogleUtilities/GoogleUtilities.framework",
				"${BUILT_PRODUCTS_DIR}/Protobuf/Protobuf.framework",
				"${BUILT_PRODUCTS_DIR}/Pulsator/Pulsator.framework",
				"${BUILT_PRODUCTS_DIR}/SDWebImage/SDWebImage.framework",
				"${BUILT_PRODUCTS_DIR}/leveldb-library/leveldb.framework",
				"${BUILT_PRODUCTS_DIR}/libwebp/libwebp.framework",
				"${BUILT_PRODUCTS_DIR}/nanopb/nanopb.framework",
			);
			name = "[CP] Embed Pods Frameworks";
			outputPaths = (
				"${TARGET_BUILD_DIR}/${FRAMEWORKS_FOLDER_PATH}/AcknowList.framework",
				"${TARGET_BUILD_DIR}/${FRAMEWORKS_FOLDER_PATH}/Bolts.framework",
				"${TARGET_BUILD_DIR}/${FRAMEWORKS_FOLDER_PATH}/FBSDKCoreKit.framework",
				"${TARGET_BUILD_DIR}/${FRAMEWORKS_FOLDER_PATH}/FBSDKLoginKit.framework",
				"${TARGET_BUILD_DIR}/${FRAMEWORKS_FOLDER_PATH}/FBSDKShareKit.framework",
				"${TARGET_BUILD_DIR}/${FRAMEWORKS_FOLDER_PATH}/GTMSessionFetcher.framework",
				"${TARGET_BUILD_DIR}/${FRAMEWORKS_FOLDER_PATH}/GTProgressBar.framework",
				"${TARGET_BUILD_DIR}/${FRAMEWORKS_FOLDER_PATH}/GoogleUtilities.framework",
				"${TARGET_BUILD_DIR}/${FRAMEWORKS_FOLDER_PATH}/Protobuf.framework",
				"${TARGET_BUILD_DIR}/${FRAMEWORKS_FOLDER_PATH}/Pulsator.framework",
				"${TARGET_BUILD_DIR}/${FRAMEWORKS_FOLDER_PATH}/SDWebImage.framework",
				"${TARGET_BUILD_DIR}/${FRAMEWORKS_FOLDER_PATH}/leveldb.framework",
				"${TARGET_BUILD_DIR}/${FRAMEWORKS_FOLDER_PATH}/libwebp.framework",
				"${TARGET_BUILD_DIR}/${FRAMEWORKS_FOLDER_PATH}/nanopb.framework",
			);
			runOnlyForDeploymentPostprocessing = 0;
			shellPath = /bin/sh;
			shellScript = "\"${SRCROOT}/Pods/Target Support Files/Pods-Savour/Pods-Savour-frameworks.sh\"\n";
			showEnvVarsInLog = 0;
		};
		836FAD9D2151413700160BB3 /* [CP] Copy Pods Resources */ = {
			isa = PBXShellScriptBuildPhase;
			buildActionMask = 2147483647;
			files = (
			);
			inputPaths = (
			);
			name = "[CP] Copy Pods Resources";
			outputPaths = (
			);
			runOnlyForDeploymentPostprocessing = 0;
			shellPath = /bin/sh;
			shellScript = "\"${SRCROOT}/Pods/Target Support Files/Pods-Savour/Pods-Savour-resources.sh\"\n";
			showEnvVarsInLog = 0;
		};
		836FADA02151413700160BB3 /* ShellScript */ = {
			isa = PBXShellScriptBuildPhase;
			buildActionMask = 2147483647;
			files = (
			);
			inputPaths = (
			);
			outputPaths = (
			);
			runOnlyForDeploymentPostprocessing = 0;
			shellPath = /bin/sh;
			shellScript = "\"${PODS_ROOT}/Fabric/run\"\n";
		};
		E86C244E482D842BC617C82B /* [CP] Embed Pods Frameworks */ = {
			isa = PBXShellScriptBuildPhase;
			buildActionMask = 2147483647;
			files = (
			);
			inputPaths = (
				"${SRCROOT}/Pods/Target Support Files/Pods-Savour/Pods-Savour-frameworks.sh",
				"${BUILT_PRODUCTS_DIR}/AcknowList/AcknowList.framework",
				"${BUILT_PRODUCTS_DIR}/Bolts/Bolts.framework",
				"${BUILT_PRODUCTS_DIR}/FBSDKCoreKit/FBSDKCoreKit.framework",
				"${BUILT_PRODUCTS_DIR}/FBSDKLoginKit/FBSDKLoginKit.framework",
				"${BUILT_PRODUCTS_DIR}/FBSDKShareKit/FBSDKShareKit.framework",
				"${BUILT_PRODUCTS_DIR}/GTMSessionFetcher/GTMSessionFetcher.framework",
				"${BUILT_PRODUCTS_DIR}/GTProgressBar/GTProgressBar.framework",
				"${BUILT_PRODUCTS_DIR}/GoogleUtilities/GoogleUtilities.framework",
				"${BUILT_PRODUCTS_DIR}/Protobuf/Protobuf.framework",
				"${BUILT_PRODUCTS_DIR}/Pulsator/Pulsator.framework",
				"${BUILT_PRODUCTS_DIR}/SDWebImage/SDWebImage.framework",
				"${BUILT_PRODUCTS_DIR}/leveldb-library/leveldb.framework",
				"${BUILT_PRODUCTS_DIR}/libwebp/libwebp.framework",
				"${BUILT_PRODUCTS_DIR}/nanopb/nanopb.framework",
			);
			name = "[CP] Embed Pods Frameworks";
			outputPaths = (
				"${TARGET_BUILD_DIR}/${FRAMEWORKS_FOLDER_PATH}/AcknowList.framework",
				"${TARGET_BUILD_DIR}/${FRAMEWORKS_FOLDER_PATH}/Bolts.framework",
				"${TARGET_BUILD_DIR}/${FRAMEWORKS_FOLDER_PATH}/FBSDKCoreKit.framework",
				"${TARGET_BUILD_DIR}/${FRAMEWORKS_FOLDER_PATH}/FBSDKLoginKit.framework",
				"${TARGET_BUILD_DIR}/${FRAMEWORKS_FOLDER_PATH}/FBSDKShareKit.framework",
				"${TARGET_BUILD_DIR}/${FRAMEWORKS_FOLDER_PATH}/GTMSessionFetcher.framework",
				"${TARGET_BUILD_DIR}/${FRAMEWORKS_FOLDER_PATH}/GTProgressBar.framework",
				"${TARGET_BUILD_DIR}/${FRAMEWORKS_FOLDER_PATH}/GoogleUtilities.framework",
				"${TARGET_BUILD_DIR}/${FRAMEWORKS_FOLDER_PATH}/Protobuf.framework",
				"${TARGET_BUILD_DIR}/${FRAMEWORKS_FOLDER_PATH}/Pulsator.framework",
				"${TARGET_BUILD_DIR}/${FRAMEWORKS_FOLDER_PATH}/SDWebImage.framework",
				"${TARGET_BUILD_DIR}/${FRAMEWORKS_FOLDER_PATH}/leveldb.framework",
				"${TARGET_BUILD_DIR}/${FRAMEWORKS_FOLDER_PATH}/libwebp.framework",
				"${TARGET_BUILD_DIR}/${FRAMEWORKS_FOLDER_PATH}/nanopb.framework",
			);
			runOnlyForDeploymentPostprocessing = 0;
			shellPath = /bin/sh;
			shellScript = "\"${SRCROOT}/Pods/Target Support Files/Pods-Savour/Pods-Savour-frameworks.sh\"\n";
			showEnvVarsInLog = 0;
		};
		F58B04EE3AC9DA34A8A54CC7 /* [CP] Check Pods Manifest.lock */ = {
			isa = PBXShellScriptBuildPhase;
			buildActionMask = 2147483647;
			files = (
			);
			inputPaths = (
				"${PODS_PODFILE_DIR_PATH}/Podfile.lock",
				"${PODS_ROOT}/Manifest.lock",
			);
			name = "[CP] Check Pods Manifest.lock";
			outputPaths = (
				"$(DERIVED_FILE_DIR)/Pods-Savour-checkManifestLockResult.txt",
			);
			runOnlyForDeploymentPostprocessing = 0;
			shellPath = /bin/sh;
			shellScript = "diff \"${PODS_PODFILE_DIR_PATH}/Podfile.lock\" \"${PODS_ROOT}/Manifest.lock\" > /dev/null\nif [ $? != 0 ] ; then\n    # print error to STDERR\n    echo \"error: The sandbox is not in sync with the Podfile.lock. Run 'pod install' or update your CocoaPods installation.\" >&2\n    exit 1\nfi\n# This output is used by Xcode 'outputs' to avoid re-running this script phase.\necho \"SUCCESS\" > \"${SCRIPT_OUTPUT_FILE_0}\"\n";
			showEnvVarsInLog = 0;
		};
		FA32F170A98F2948B26B6CB2 /* [CP] Check Pods Manifest.lock */ = {
			isa = PBXShellScriptBuildPhase;
			buildActionMask = 2147483647;
			files = (
			);
			inputPaths = (
				"${PODS_PODFILE_DIR_PATH}/Podfile.lock",
				"${PODS_ROOT}/Manifest.lock",
			);
			name = "[CP] Check Pods Manifest.lock";
			outputPaths = (
				"$(DERIVED_FILE_DIR)/Pods-OneSignalNotificationServiceExtension-checkManifestLockResult.txt",
			);
			runOnlyForDeploymentPostprocessing = 0;
			shellPath = /bin/sh;
			shellScript = "diff \"${PODS_PODFILE_DIR_PATH}/Podfile.lock\" \"${PODS_ROOT}/Manifest.lock\" > /dev/null\nif [ $? != 0 ] ; then\n    # print error to STDERR\n    echo \"error: The sandbox is not in sync with the Podfile.lock. Run 'pod install' or update your CocoaPods installation.\" >&2\n    exit 1\nfi\n# This output is used by Xcode 'outputs' to avoid re-running this script phase.\necho \"SUCCESS\" > \"${SCRIPT_OUTPUT_FILE_0}\"\n";
			showEnvVarsInLog = 0;
		};
/* End PBXShellScriptBuildPhase section */

/* Begin PBXSourcesBuildPhase section */
		836AFD1F20DDAF85002DA873 /* Sources */ = {
			isa = PBXSourcesBuildPhase;
			buildActionMask = 2147483647;
			files = (
				836AFD2620DDAF85002DA873 /* SavourDealsUITests.swift in Sources */,
				836AFD3320DDB4AA002DA873 /* SnapshotHelper.swift in Sources */,
			);
			runOnlyForDeploymentPostprocessing = 0;
		};
		836FAD7B2151413700160BB3 /* Sources */ = {
			isa = PBXSourcesBuildPhase;
			buildActionMask = 2147483647;
			files = (
				836FAD7C2151413700160BB3 /* ViewController.swift in Sources */,
				836FAD7D2151413700160BB3 /* DealTableViewCell.swift in Sources */,
				836FAD7E2151413700160BB3 /* AccountViewController.swift in Sources */,
				836FAD7F2151413700160BB3 /* VendorMapViewController.swift in Sources */,
				836FAD802151413700160BB3 /* DealViewController.swift in Sources */,
				836FADC22151475100160BB3 /* Vendor.swift in Sources */,
				836FAD812151413700160BB3 /* LoginViewController.swift in Sources */,
				836FAD822151413700160BB3 /* ratingsHelper.swift in Sources */,
				836FAD832151413700160BB3 /* SignUpViewController.swift in Sources */,
				836FAD842151413700160BB3 /* VendorsData.swift in Sources */,
				836FADBF2151474100160BB3 /* Deal.swift in Sources */,
				836FAD852151413700160BB3 /* TabBarViewController.swift in Sources */,
				836FAD862151413700160BB3 /* OnboardingController.swift in Sources */,
				836FAD872151413700160BB3 /* extensions.swift in Sources */,
				836FAD882151413700160BB3 /* Globals.swift in Sources */,
				836FAD892151413700160BB3 /* FavoritesViewController.swift in Sources */,
				836FAD8A2151413700160BB3 /* AppDelegate.swift in Sources */,
				836FADBC215146FD00160BB3 /* DealsData.swift in Sources */,
				836FAD8B2151413700160BB3 /* RestaurantViewController.swift in Sources */,
			);
			runOnlyForDeploymentPostprocessing = 0;
		};
		83802D651F2ED1FD00E315FB /* Sources */ = {
			isa = PBXSourcesBuildPhase;
			buildActionMask = 2147483647;
			files = (
				834C1E141F3151A4002D7198 /* ViewController.swift in Sources */,
				834C1E1C1F3194B6002D7198 /* DealTableViewCell.swift in Sources */,
				83446AA21F3BDC6400CBE73E /* AccountViewController.swift in Sources */,
				833756391F9E7F4E00336744 /* VendorMapViewController.swift in Sources */,
				83446AAB1F3C130400CBE73E /* DealViewController.swift in Sources */,
				836FADC12151475100160BB3 /* Vendor.swift in Sources */,
				83802D6F1F2ED1FD00E315FB /* LoginViewController.swift in Sources */,
				836AFD0F20DCA5BA002DA873 /* ratingsHelper.swift in Sources */,
				834C1E161F315BA8002D7198 /* SignUpViewController.swift in Sources */,
				834C1E1A1F3187AA002D7198 /* VendorsData.swift in Sources */,
				836FADBE2151474100160BB3 /* Deal.swift in Sources */,
				833D55E81FB6A91A00C66125 /* TabBarViewController.swift in Sources */,
				83BC91EA1F8C12DC0031C372 /* OnboardingController.swift in Sources */,
				83E4839520D0BF08009B4C3B /* extensions.swift in Sources */,
				83DDDBB51F4157EC00B14FEB /* Globals.swift in Sources */,
				83446AA01F381BC500CBE73E /* FavoritesViewController.swift in Sources */,
				83802D6D1F2ED1FD00E315FB /* AppDelegate.swift in Sources */,
				836FADBB215146FD00160BB3 /* DealsData.swift in Sources */,
				83446AAD1F3C1D4200CBE73E /* RestaurantViewController.swift in Sources */,
			);
			runOnlyForDeploymentPostprocessing = 0;
		};
		8397B2BD1F951D3400EC392C /* Sources */ = {
			isa = PBXSourcesBuildPhase;
			buildActionMask = 2147483647;
			files = (
				8397B2C41F951D3400EC392C /* NotificationService.swift in Sources */,
			);
			runOnlyForDeploymentPostprocessing = 0;
		};
/* End PBXSourcesBuildPhase section */

/* Begin PBXTargetDependency section */
		836AFD2920DDAF85002DA873 /* PBXTargetDependency */ = {
			isa = PBXTargetDependency;
			target = 83802D681F2ED1FD00E315FB /* Savour Prod */;
			targetProxy = 836AFD2820DDAF85002DA873 /* PBXContainerItemProxy */;
		};
		836FAD782151413700160BB3 /* PBXTargetDependency */ = {
			isa = PBXTargetDependency;
			target = 8397B2C01F951D3400EC392C /* OneSignalNotificationServiceExtension */;
			targetProxy = 836FAD792151413700160BB3 /* PBXContainerItemProxy */;
		};
		8397B2C71F951D3400EC392C /* PBXTargetDependency */ = {
			isa = PBXTargetDependency;
			target = 8397B2C01F951D3400EC392C /* OneSignalNotificationServiceExtension */;
			targetProxy = 8397B2C61F951D3400EC392C /* PBXContainerItemProxy */;
		};
/* End PBXTargetDependency section */

/* Begin PBXVariantGroup section */
		83802D701F2ED1FD00E315FB /* Onboarding.storyboard */ = {
			isa = PBXVariantGroup;
			children = (
				83802D711F2ED1FD00E315FB /* Base */,
			);
			name = Onboarding.storyboard;
			sourceTree = "<group>";
		};
		83802D751F2ED1FD00E315FB /* LaunchScreen.storyboard */ = {
			isa = PBXVariantGroup;
			children = (
				83802D761F2ED1FD00E315FB /* Base */,
			);
			name = LaunchScreen.storyboard;
			sourceTree = "<group>";
		};
/* End PBXVariantGroup section */

/* Begin XCBuildConfiguration section */
		836AFD2C20DDAF85002DA873 /* Release */ = {
			isa = XCBuildConfiguration;
			buildSettings = {
				CLANG_CXX_LANGUAGE_STANDARD = "gnu++14";
				CLANG_ENABLE_OBJC_WEAK = YES;
				CLANG_WARN_UNGUARDED_AVAILABILITY = YES_AGGRESSIVE;
				CODE_SIGN_IDENTITY = "iPhone Developer";
				CODE_SIGN_STYLE = Automatic;
				DEVELOPMENT_TEAM = C5FUB5PT9S;
				GCC_C_LANGUAGE_STANDARD = gnu11;
				INFOPLIST_FILE = SavourDealsUITests/Info.plist;
				IPHONEOS_DEPLOYMENT_TARGET = 11.4;
				LD_RUNPATH_SEARCH_PATHS = "$(inherited) @executable_path/Frameworks @loader_path/Frameworks";
				PRODUCT_BUNDLE_IDENTIFIER = com.CP.SavourDealsUITests;
				PRODUCT_NAME = "$(TARGET_NAME)";
				SWIFT_VERSION = 4.2;
				TARGETED_DEVICE_FAMILY = "1,2";
				TEST_TARGET_NAME = Savour;
			};
			name = Release;
		};
		836AFD2D20DDB0E3002DA873 /* Debug */ = {
			isa = XCBuildConfiguration;
			buildSettings = {
				ALWAYS_SEARCH_USER_PATHS = NO;
				CLANG_ANALYZER_NONNULL = YES;
				CLANG_ANALYZER_NUMBER_OBJECT_CONVERSION = YES_AGGRESSIVE;
				CLANG_CXX_LANGUAGE_STANDARD = "gnu++0x";
				CLANG_CXX_LIBRARY = "libc++";
				CLANG_ENABLE_MODULES = YES;
				CLANG_ENABLE_OBJC_ARC = YES;
				CLANG_WARN_BLOCK_CAPTURE_AUTORELEASING = YES;
				CLANG_WARN_BOOL_CONVERSION = YES;
				CLANG_WARN_COMMA = YES;
				CLANG_WARN_CONSTANT_CONVERSION = YES;
				CLANG_WARN_DEPRECATED_OBJC_IMPLEMENTATIONS = YES;
				CLANG_WARN_DIRECT_OBJC_ISA_USAGE = YES_ERROR;
				CLANG_WARN_DOCUMENTATION_COMMENTS = YES;
				CLANG_WARN_EMPTY_BODY = YES;
				CLANG_WARN_ENUM_CONVERSION = YES;
				CLANG_WARN_INFINITE_RECURSION = YES;
				CLANG_WARN_INT_CONVERSION = YES;
				CLANG_WARN_NON_LITERAL_NULL_CONVERSION = YES;
				CLANG_WARN_OBJC_IMPLICIT_RETAIN_SELF = YES;
				CLANG_WARN_OBJC_LITERAL_CONVERSION = YES;
				CLANG_WARN_OBJC_ROOT_CLASS = YES_ERROR;
				CLANG_WARN_RANGE_LOOP_ANALYSIS = YES;
				CLANG_WARN_STRICT_PROTOTYPES = YES;
				CLANG_WARN_SUSPICIOUS_MOVE = YES;
				CLANG_WARN_UNREACHABLE_CODE = YES;
				CLANG_WARN__DUPLICATE_METHOD_MATCH = YES;
				"CODE_SIGN_IDENTITY[sdk=iphoneos*]" = "iPhone Developer";
				COPY_PHASE_STRIP = NO;
				DEBUG_INFORMATION_FORMAT = "dwarf-with-dsym";
				ENABLE_NS_ASSERTIONS = NO;
				ENABLE_STRICT_OBJC_MSGSEND = YES;
				ENABLE_TESTABILITY = YES;
				GCC_C_LANGUAGE_STANDARD = gnu99;
				GCC_NO_COMMON_BLOCKS = YES;
				GCC_WARN_64_TO_32_BIT_CONVERSION = YES;
				GCC_WARN_ABOUT_RETURN_TYPE = YES_ERROR;
				GCC_WARN_UNDECLARED_SELECTOR = YES;
				GCC_WARN_UNINITIALIZED_AUTOS = YES_AGGRESSIVE;
				GCC_WARN_UNUSED_FUNCTION = YES;
				GCC_WARN_UNUSED_VARIABLE = YES;
				IPHONEOS_DEPLOYMENT_TARGET = 10.3;
				MTL_ENABLE_DEBUG_INFO = NO;
				ONLY_ACTIVE_ARCH = YES;
				"OTHER_SWIFT_FLAGS[arch=*]" = "-D DEBUG";
				SDKROOT = iphoneos;
				SWIFT_OPTIMIZATION_LEVEL = "-Owholemodule";
				TARGETED_DEVICE_FAMILY = "1,2";
				VALIDATE_PRODUCT = YES;
			};
			name = Debug;
		};
		836AFD2E20DDB0E3002DA873 /* Debug */ = {
			isa = XCBuildConfiguration;
			baseConfigurationReference = B71047018234E33720347934 /* Pods-Savour.debug.xcconfig */;
			buildSettings = {
				ALWAYS_EMBED_SWIFT_STANDARD_LIBRARIES = YES;
				ALWAYS_SEARCH_USER_PATHS = NO;
				ASSETCATALOG_COMPILER_APPICON_NAME = AppIcon;
				CLANG_ENABLE_MODULES = YES;
				CODE_SIGN_ENTITLEMENTS = Savour/Savour.entitlements;
				CODE_SIGN_IDENTITY = "iPhone Developer";
				"CODE_SIGN_IDENTITY[sdk=iphoneos*]" = "iPhone Developer";
				CODE_SIGN_STYLE = Automatic;
				DEVELOPMENT_TEAM = C5FUB5PT9S;
				FRAMEWORK_SEARCH_PATHS = (
					"$(inherited)",
					"$(PROJECT_DIR)",
				);
				GCC_OPTIMIZATION_LEVEL = 0;
				INFOPLIST_FILE = Savour/Info.plist;
				IPHONEOS_DEPLOYMENT_TARGET = 9.0;
				LD_RUNPATH_SEARCH_PATHS = "$(inherited) @executable_path/Frameworks";
				PRODUCT_BUNDLE_IDENTIFIER = com.CP.Savour;
				PRODUCT_NAME = "$(TARGET_NAME)";
				PROVISIONING_PROFILE_SPECIFIER = "";
				SWIFT_INSTALL_OBJC_HEADER = YES;
				SWIFT_OPTIMIZATION_LEVEL = "-Onone";
				SWIFT_VERSION = 4.2;
				TARGETED_DEVICE_FAMILY = "1,2";
			};
			name = Debug;
		};
		836AFD2F20DDB0E3002DA873 /* Debug */ = {
			isa = XCBuildConfiguration;
			baseConfigurationReference = 11FC412B5DFD4025E307D473 /* Pods-OneSignalNotificationServiceExtension.debug.xcconfig */;
			buildSettings = {
				CLANG_CXX_LANGUAGE_STANDARD = "gnu++14";
				CLANG_WARN_UNGUARDED_AVAILABILITY = YES_AGGRESSIVE;
				CODE_SIGN_IDENTITY = "iPhone Developer";
				CODE_SIGN_STYLE = Automatic;
				DEVELOPMENT_TEAM = C5FUB5PT9S;
				GCC_C_LANGUAGE_STANDARD = gnu11;
				INFOPLIST_FILE = OneSignalNotificationServiceExtension/Info.plist;
				IPHONEOS_DEPLOYMENT_TARGET = 11.0;
				LD_RUNPATH_SEARCH_PATHS = "$(inherited) @executable_path/Frameworks @executable_path/../../Frameworks";
				PRODUCT_BUNDLE_IDENTIFIER = com.CP.Savour.OneSignalNotificationServiceExtension;
				PRODUCT_NAME = "$(TARGET_NAME)";
				SKIP_INSTALL = YES;
				SWIFT_VERSION = 4.2;
				TARGETED_DEVICE_FAMILY = "1,2";
			};
			name = Debug;
		};
		836AFD3120DDB0E3002DA873 /* Debug */ = {
			isa = XCBuildConfiguration;
			buildSettings = {
				CLANG_CXX_LANGUAGE_STANDARD = "gnu++14";
				CLANG_ENABLE_OBJC_WEAK = YES;
				CLANG_WARN_UNGUARDED_AVAILABILITY = YES_AGGRESSIVE;
				CODE_SIGN_IDENTITY = "iPhone Developer";
				CODE_SIGN_STYLE = Automatic;
				DEVELOPMENT_TEAM = C5FUB5PT9S;
				GCC_C_LANGUAGE_STANDARD = gnu11;
				INFOPLIST_FILE = SavourDealsUITests/Info.plist;
				IPHONEOS_DEPLOYMENT_TARGET = 11.4;
				LD_RUNPATH_SEARCH_PATHS = "$(inherited) @executable_path/Frameworks @loader_path/Frameworks";
				PRODUCT_BUNDLE_IDENTIFIER = com.CP.SavourDealsUITests;
				PRODUCT_NAME = "$(TARGET_NAME)";
				SWIFT_VERSION = 4.2;
				TARGETED_DEVICE_FAMILY = "1,2";
				TEST_TARGET_NAME = Savour;
			};
			name = Debug;
		};
		836FADA22151413700160BB3 /* Release */ = {
			isa = XCBuildConfiguration;
			baseConfigurationReference = B75C9FD65B2C6096EF260051 /* Pods-Savour.release.xcconfig */;
			buildSettings = {
				ALWAYS_EMBED_SWIFT_STANDARD_LIBRARIES = YES;
				ALWAYS_SEARCH_USER_PATHS = NO;
				ASSETCATALOG_COMPILER_APPICON_NAME = AppIcon;
				CLANG_ENABLE_MODULES = YES;
				CODE_SIGN_ENTITLEMENTS = Savour/Savour.entitlements;
				CODE_SIGN_IDENTITY = "iPhone Developer";
				"CODE_SIGN_IDENTITY[sdk=iphoneos*]" = "iPhone Developer";
				CODE_SIGN_STYLE = Automatic;
				DEVELOPMENT_TEAM = C5FUB5PT9S;
				FRAMEWORK_SEARCH_PATHS = (
					"$(inherited)",
					"$(PROJECT_DIR)",
				);
				GCC_OPTIMIZATION_LEVEL = 3;
				INFOPLIST_FILE = "Savour copy-Info.plist";
				IPHONEOS_DEPLOYMENT_TARGET = 9.0;
				LD_RUNPATH_SEARCH_PATHS = "$(inherited) @executable_path/Frameworks";
				PRODUCT_BUNDLE_IDENTIFIER = com.CP.Savour;
				PRODUCT_NAME = "$(TARGET_NAME)";
				PROVISIONING_PROFILE_SPECIFIER = "";
				SWIFT_INSTALL_OBJC_HEADER = YES;
				SWIFT_OPTIMIZATION_LEVEL = "-O";
				SWIFT_VERSION = 4.2;
				TARGETED_DEVICE_FAMILY = "1,2";
			};
			name = Release;
		};
		836FADA32151413700160BB3 /* Debug */ = {
			isa = XCBuildConfiguration;
			baseConfigurationReference = B71047018234E33720347934 /* Pods-Savour.debug.xcconfig */;
			buildSettings = {
				ALWAYS_EMBED_SWIFT_STANDARD_LIBRARIES = YES;
				ALWAYS_SEARCH_USER_PATHS = NO;
				ASSETCATALOG_COMPILER_APPICON_NAME = AppIcon;
				CLANG_ENABLE_MODULES = YES;
				CODE_SIGN_ENTITLEMENTS = Savour/Savour.entitlements;
				CODE_SIGN_IDENTITY = "iPhone Developer";
				"CODE_SIGN_IDENTITY[sdk=iphoneos*]" = "iPhone Developer";
				CODE_SIGN_STYLE = Automatic;
				DEVELOPMENT_TEAM = C5FUB5PT9S;
				FRAMEWORK_SEARCH_PATHS = (
					"$(inherited)",
					"$(PROJECT_DIR)",
				);
				GCC_OPTIMIZATION_LEVEL = 0;
				INFOPLIST_FILE = "Savour copy-Info.plist";
				IPHONEOS_DEPLOYMENT_TARGET = 9.0;
				LD_RUNPATH_SEARCH_PATHS = "$(inherited) @executable_path/Frameworks";
				PRODUCT_BUNDLE_IDENTIFIER = com.CP.Savour;
				PRODUCT_NAME = "$(TARGET_NAME)";
				PROVISIONING_PROFILE_SPECIFIER = "";
				SWIFT_INSTALL_OBJC_HEADER = YES;
				SWIFT_OPTIMIZATION_LEVEL = "-Onone";
				SWIFT_VERSION = 4.2;
				TARGETED_DEVICE_FAMILY = "1,2";
			};
			name = Debug;
		};
		83802D7A1F2ED1FD00E315FB /* Release */ = {
			isa = XCBuildConfiguration;
			buildSettings = {
				ALWAYS_SEARCH_USER_PATHS = NO;
				CLANG_ANALYZER_NONNULL = YES;
				CLANG_ANALYZER_NUMBER_OBJECT_CONVERSION = YES_AGGRESSIVE;
				CLANG_CXX_LANGUAGE_STANDARD = "gnu++0x";
				CLANG_CXX_LIBRARY = "libc++";
				CLANG_ENABLE_MODULES = YES;
				CLANG_ENABLE_OBJC_ARC = YES;
				CLANG_WARN_BLOCK_CAPTURE_AUTORELEASING = YES;
				CLANG_WARN_BOOL_CONVERSION = YES;
				CLANG_WARN_COMMA = YES;
				CLANG_WARN_CONSTANT_CONVERSION = YES;
				CLANG_WARN_DEPRECATED_OBJC_IMPLEMENTATIONS = YES;
				CLANG_WARN_DIRECT_OBJC_ISA_USAGE = YES_ERROR;
				CLANG_WARN_DOCUMENTATION_COMMENTS = YES;
				CLANG_WARN_EMPTY_BODY = YES;
				CLANG_WARN_ENUM_CONVERSION = YES;
				CLANG_WARN_INFINITE_RECURSION = YES;
				CLANG_WARN_INT_CONVERSION = YES;
				CLANG_WARN_NON_LITERAL_NULL_CONVERSION = YES;
				CLANG_WARN_OBJC_IMPLICIT_RETAIN_SELF = YES;
				CLANG_WARN_OBJC_LITERAL_CONVERSION = YES;
				CLANG_WARN_OBJC_ROOT_CLASS = YES_ERROR;
				CLANG_WARN_RANGE_LOOP_ANALYSIS = YES;
				CLANG_WARN_STRICT_PROTOTYPES = YES;
				CLANG_WARN_SUSPICIOUS_MOVE = YES;
				CLANG_WARN_UNREACHABLE_CODE = YES;
				CLANG_WARN__DUPLICATE_METHOD_MATCH = YES;
				"CODE_SIGN_IDENTITY[sdk=iphoneos*]" = "iPhone Developer";
				COPY_PHASE_STRIP = NO;
				DEBUG_INFORMATION_FORMAT = "dwarf-with-dsym";
				ENABLE_NS_ASSERTIONS = NO;
				ENABLE_STRICT_OBJC_MSGSEND = YES;
				GCC_C_LANGUAGE_STANDARD = gnu99;
				GCC_NO_COMMON_BLOCKS = YES;
				GCC_WARN_64_TO_32_BIT_CONVERSION = YES;
				GCC_WARN_ABOUT_RETURN_TYPE = YES_ERROR;
				GCC_WARN_UNDECLARED_SELECTOR = YES;
				GCC_WARN_UNINITIALIZED_AUTOS = YES_AGGRESSIVE;
				GCC_WARN_UNUSED_FUNCTION = YES;
				GCC_WARN_UNUSED_VARIABLE = YES;
				IPHONEOS_DEPLOYMENT_TARGET = 10.3;
				MTL_ENABLE_DEBUG_INFO = NO;
				SDKROOT = iphoneos;
				SWIFT_OPTIMIZATION_LEVEL = "-Owholemodule";
				TARGETED_DEVICE_FAMILY = "1,2";
				VALIDATE_PRODUCT = YES;
			};
			name = Release;
		};
		83802D7D1F2ED1FD00E315FB /* Release */ = {
			isa = XCBuildConfiguration;
			baseConfigurationReference = B75C9FD65B2C6096EF260051 /* Pods-Savour.release.xcconfig */;
			buildSettings = {
				ALWAYS_EMBED_SWIFT_STANDARD_LIBRARIES = YES;
				ALWAYS_SEARCH_USER_PATHS = NO;
				ASSETCATALOG_COMPILER_APPICON_NAME = AppIcon;
				CLANG_ENABLE_MODULES = YES;
				CODE_SIGN_ENTITLEMENTS = Savour/Savour.entitlements;
				CODE_SIGN_IDENTITY = "iPhone Developer";
				"CODE_SIGN_IDENTITY[sdk=iphoneos*]" = "iPhone Developer";
				CODE_SIGN_STYLE = Automatic;
				DEVELOPMENT_TEAM = C5FUB5PT9S;
				FRAMEWORK_SEARCH_PATHS = (
					"$(inherited)",
					"$(PROJECT_DIR)",
				);
				GCC_OPTIMIZATION_LEVEL = 3;
				INFOPLIST_FILE = Savour/Info.plist;
				IPHONEOS_DEPLOYMENT_TARGET = 9.0;
				LD_RUNPATH_SEARCH_PATHS = "$(inherited) @executable_path/Frameworks";
				PRODUCT_BUNDLE_IDENTIFIER = com.CP.Savour;
				PRODUCT_NAME = "$(TARGET_NAME)";
				PROVISIONING_PROFILE_SPECIFIER = "";
				SWIFT_INSTALL_OBJC_HEADER = YES;
				SWIFT_OPTIMIZATION_LEVEL = "-O";
				SWIFT_VERSION = 4.2;
				TARGETED_DEVICE_FAMILY = "1,2";
			};
			name = Release;
		};
		8397B2CB1F951D3400EC392C /* Release */ = {
			isa = XCBuildConfiguration;
			baseConfigurationReference = 09AF41A9D1B4F9CB19534A88 /* Pods-OneSignalNotificationServiceExtension.release.xcconfig */;
			buildSettings = {
				CLANG_CXX_LANGUAGE_STANDARD = "gnu++14";
				CLANG_WARN_UNGUARDED_AVAILABILITY = YES_AGGRESSIVE;
				CODE_SIGN_IDENTITY = "iPhone Developer";
				CODE_SIGN_STYLE = Automatic;
				DEVELOPMENT_TEAM = C5FUB5PT9S;
				GCC_C_LANGUAGE_STANDARD = gnu11;
				INFOPLIST_FILE = OneSignalNotificationServiceExtension/Info.plist;
				IPHONEOS_DEPLOYMENT_TARGET = 11.0;
				LD_RUNPATH_SEARCH_PATHS = "$(inherited) @executable_path/Frameworks @executable_path/../../Frameworks";
				PRODUCT_BUNDLE_IDENTIFIER = com.CP.Savour.OneSignalNotificationServiceExtension;
				PRODUCT_NAME = "$(TARGET_NAME)";
				SKIP_INSTALL = YES;
				SWIFT_VERSION = 4.2;
				TARGETED_DEVICE_FAMILY = "1,2";
			};
			name = Release;
		};
/* End XCBuildConfiguration section */

/* Begin XCConfigurationList section */
		836AFD2A20DDAF85002DA873 /* Build configuration list for PBXNativeTarget "SavourDealsUITests" */ = {
			isa = XCConfigurationList;
			buildConfigurations = (
				836AFD2C20DDAF85002DA873 /* Release */,
				836AFD3120DDB0E3002DA873 /* Debug */,
			);
			defaultConfigurationIsVisible = 0;
			defaultConfigurationName = Debug;
		};
		836FADA12151413700160BB3 /* Build configuration list for PBXNativeTarget "Savour Test" */ = {
			isa = XCConfigurationList;
			buildConfigurations = (
				836FADA22151413700160BB3 /* Release */,
				836FADA32151413700160BB3 /* Debug */,
			);
			defaultConfigurationIsVisible = 0;
			defaultConfigurationName = Debug;
		};
		83802D641F2ED1FD00E315FB /* Build configuration list for PBXProject "Savour" */ = {
			isa = XCConfigurationList;
			buildConfigurations = (
				83802D7A1F2ED1FD00E315FB /* Release */,
				836AFD2D20DDB0E3002DA873 /* Debug */,
			);
			defaultConfigurationIsVisible = 0;
			defaultConfigurationName = Debug;
		};
		83802D7B1F2ED1FD00E315FB /* Build configuration list for PBXNativeTarget "Savour Prod" */ = {
			isa = XCConfigurationList;
			buildConfigurations = (
				83802D7D1F2ED1FD00E315FB /* Release */,
				836AFD2E20DDB0E3002DA873 /* Debug */,
			);
			defaultConfigurationIsVisible = 0;
			defaultConfigurationName = Debug;
		};
		8397B2C91F951D3400EC392C /* Build configuration list for PBXNativeTarget "OneSignalNotificationServiceExtension" */ = {
			isa = XCConfigurationList;
			buildConfigurations = (
				8397B2CB1F951D3400EC392C /* Release */,
				836AFD2F20DDB0E3002DA873 /* Debug */,
			);
			defaultConfigurationIsVisible = 0;
			defaultConfigurationName = Debug;
		};
/* End XCConfigurationList section */
	};
	rootObject = 83802D611F2ED1FD00E315FB /* Project object */;
}
