PODS:
  - AcknowList (1.8)
  - Bolts (1.9.0):
    - Bolts/AppLinks (= 1.9.0)
    - Bolts/Tasks (= 1.9.0)
  - Bolts/AppLinks (1.9.0):
    - Bolts/Tasks
  - Bolts/Tasks (1.9.0)
  - Crashlytics (3.10.9):
    - Fabric (~> 1.7.13)
  - Fabric (1.7.13)
  - FacebookSDK (4.38.0):
    - Bolts (~> 1.9)
    - FacebookSDK/CoreKit (= 4.38.0)
    - FacebookSDK/MarketingKit (= 4.38.0)
  - FacebookSDK/CoreKit (4.38.0):
    - Bolts (~> 1.9)
    - FBSDKCoreKit
  - FacebookSDK/LoginKit (4.38.0):
    - Bolts (~> 1.9)
    - FacebookSDK/CoreKit
    - FBSDKLoginKit
  - FacebookSDK/MarketingKit (4.38.0):
    - Bolts (~> 1.9)
    - FacebookSDK/CoreKit
    - FBSDKMarketingKit
  - FBSDKCoreKit (4.40.0):
    - Bolts (~> 1.9)
  - FBSDKLoginKit (4.40.0):
    - FBSDKCoreKit
  - FBSDKMarketingKit (4.38.0):
    - FBSDKCoreKit
  - Firebase (5.16.0):
    - Firebase/Core (= 5.16.0)
  - Firebase/Auth (5.16.0):
    - Firebase/CoreOnly
    - FirebaseAuth (= 5.3.0)
  - Firebase/Core (5.16.0):
    - Firebase/CoreOnly
    - FirebaseAnalytics (= 5.5.0)
  - Firebase/CoreOnly (5.16.0):
    - FirebaseCore (= 5.2.0)
  - Firebase/Database (5.16.0):
    - Firebase/CoreOnly
    - FirebaseDatabase (= 5.1.0)
  - Firebase/DynamicLinks (5.16.0):
    - Firebase/CoreOnly
    - FirebaseDynamicLinks (= 3.4.0)
  - Firebase/Functions (5.16.0):
    - Firebase/CoreOnly
    - FirebaseFunctions (= 2.2.0)
  - Firebase/Messaging (5.16.0):
    - Firebase/CoreOnly
    - FirebaseMessaging (= 3.3.0)
  - Firebase/Storage (5.16.0):
    - Firebase/CoreOnly
    - FirebaseStorage (= 3.1.0)
  - FirebaseAnalytics (5.5.0):
    - FirebaseCore (~> 5.2)
    - FirebaseInstanceID (~> 3.4)
    - GoogleAppMeasurement (= 5.5.0)
    - GoogleUtilities/AppDelegateSwizzler (~> 5.2)
    - GoogleUtilities/MethodSwizzler (~> 5.2)
    - GoogleUtilities/Network (~> 5.2)
    - "GoogleUtilities/NSData+zlib (~> 5.2)"
    - nanopb (~> 0.3)
  - FirebaseAnalyticsInterop (1.1.0)
  - FirebaseAuth (5.3.0):
    - FirebaseAuthInterop (~> 1.0)
    - FirebaseCore (~> 5.2)
    - GoogleUtilities/Environment (~> 5.2)
    - GTMSessionFetcher/Core (~> 1.1)
  - FirebaseAuthInterop (1.0.0)
  - FirebaseCore (5.2.0):
    - GoogleUtilities/Logger (~> 5.2)
  - FirebaseDatabase (5.1.0):
    - FirebaseAuthInterop (~> 1.0)
    - FirebaseCore (~> 5.2)
    - leveldb-library (~> 1.18)
  - FirebaseDynamicLinks (3.4.0):
    - FirebaseAnalytics (~> 5.1)
    - FirebaseAnalyticsInterop (~> 1.0)
    - FirebaseCore (~> 5.2)
  - FirebaseFunctions (2.2.0):
    - FirebaseAuthInterop (~> 1.0)
    - FirebaseCore (~> 5.2)
    - GTMSessionFetcher/Core (~> 1.1)
  - FirebaseInstanceID (3.4.0):
    - FirebaseCore (~> 5.2)
    - GoogleUtilities/Environment (~> 5.3)
    - GoogleUtilities/UserDefaults (~> 5.3)
  - FirebaseMessaging (3.3.0):
    - FirebaseAnalyticsInterop (~> 1.1)
    - FirebaseCore (~> 5.2)
    - FirebaseInstanceID (~> 3.4)
    - GoogleUtilities/Environment (~> 5.2)
    - GoogleUtilities/Reachability (~> 5.2)
    - Protobuf (~> 3.1)
  - FirebaseStorage (3.1.0):
    - FirebaseAuthInterop (~> 1.0)
    - FirebaseCore (~> 5.2)
    - GTMSessionFetcher/Core (~> 1.1)
  - FirebaseUI/Storage (5.2.2):
    - Firebase/Storage (~> 5.0)
    - SDWebImage (~> 4.0)
  - GeoFire (3.0.0):
    - Firebase/Database (~> 5.0)
  - GoogleAppMeasurement (5.5.0):
    - GoogleUtilities/AppDelegateSwizzler (~> 5.2)
    - GoogleUtilities/MethodSwizzler (~> 5.2)
    - GoogleUtilities/Network (~> 5.2)
    - "GoogleUtilities/NSData+zlib (~> 5.2)"
    - nanopb (~> 0.3)
  - GoogleUtilities/AppDelegateSwizzler (5.3.7):
    - GoogleUtilities/Environment
    - GoogleUtilities/Logger
    - GoogleUtilities/Network
  - GoogleUtilities/Environment (5.3.7)
  - GoogleUtilities/Logger (5.3.7):
    - GoogleUtilities/Environment
  - GoogleUtilities/MethodSwizzler (5.3.7):
    - GoogleUtilities/Logger
  - GoogleUtilities/Network (5.3.7):
    - GoogleUtilities/Logger
    - "GoogleUtilities/NSData+zlib"
    - GoogleUtilities/Reachability
  - "GoogleUtilities/NSData+zlib (5.3.7)"
  - GoogleUtilities/Reachability (5.3.7):
    - GoogleUtilities/Logger
  - GoogleUtilities/UserDefaults (5.3.7):
    - GoogleUtilities/Logger
  - GTMSessionFetcher/Core (1.2.1)
  - GTProgressBar (0.3.2)
  - LCUIComponents (1.1.5)
  - leveldb-library (1.20)
  - libwebp (0.6.1):
    - libwebp/core (= 0.6.1)
    - libwebp/dec (= 0.6.1)
    - libwebp/demux (= 0.6.1)
    - libwebp/dsp (= 0.6.1)
    - libwebp/enc (= 0.6.1)
    - libwebp/mux (= 0.6.1)
    - libwebp/utils (= 0.6.1)
    - libwebp/webp (= 0.6.1)
  - libwebp/core (0.6.1):
    - libwebp/webp
  - libwebp/dec (0.6.1):
    - libwebp/core
  - libwebp/demux (0.6.1):
    - libwebp/core
  - libwebp/dsp (0.6.1):
    - libwebp/core
  - libwebp/enc (0.6.1):
    - libwebp/core
  - libwebp/mux (0.6.1):
    - libwebp/core
  - libwebp/utils (0.6.1):
    - libwebp/core
  - libwebp/webp (0.6.1)
  - nanopb (0.3.901):
    - nanopb/decode (= 0.3.901)
    - nanopb/encode (= 0.3.901)
  - nanopb/decode (0.3.901)
  - nanopb/encode (0.3.901)
  - OneSignal (2.9.5)
  - Protobuf (3.6.1)
  - Pulsator (0.5.1)
  - SDWebImage (4.4.4):
    - SDWebImage/Core (= 4.4.4)
  - SDWebImage/Core (4.4.4)
  - SDWebImage/WebP (4.4.4):
    - libwebp (~> 0.5)
    - SDWebImage/Core

DEPENDENCIES:
  - AcknowList
  - Crashlytics (~> 3.10.1)
  - Fabric (~> 1.7.6)
  - FacebookSDK
  - FacebookSDK/LoginKit
  - Firebase
  - Firebase/Auth
  - Firebase/Core
  - Firebase/Database
  - Firebase/DynamicLinks
  - Firebase/Functions
  - Firebase/Messaging
  - Firebase/Storage
  - FirebaseUI/Storage
  - GeoFire
  - GTProgressBar
  - LCUIComponents
  - OneSignal
  - Pulsator
  - SDWebImage/WebP

SPEC REPOS:
  https://github.com/cocoapods/specs.git:
    - AcknowList
    - Bolts
    - Crashlytics
    - Fabric
    - FacebookSDK
    - FBSDKCoreKit
    - FBSDKLoginKit
    - FBSDKMarketingKit
    - Firebase
    - FirebaseAnalytics
    - FirebaseAnalyticsInterop
    - FirebaseAuth
    - FirebaseAuthInterop
    - FirebaseCore
    - FirebaseDatabase
    - FirebaseDynamicLinks
    - FirebaseFunctions
    - FirebaseInstanceID
    - FirebaseMessaging
    - FirebaseStorage
    - FirebaseUI
    - GeoFire
    - GoogleAppMeasurement
    - GoogleUtilities
    - GTMSessionFetcher
    - GTProgressBar
    - LCUIComponents
    - leveldb-library
    - libwebp
    - nanopb
    - OneSignal
    - Protobuf
    - Pulsator
    - SDWebImage

SPEC CHECKSUMS:
  AcknowList: 5b8820004d019d0a8d6a091ea2392dcb54bd3ad2
  Bolts: ac6567323eac61e203f6a9763667d0f711be34c8
  Crashlytics: 55e24fc23989680285a21cb1146578d9d18e432c
  Fabric: 25d0963b691fc97be566392243ff0ecef5a68338
  FacebookSDK: 73f54b8b94e09b05647cdef0af147f470cd3edc6
  FBSDKCoreKit: ae214474b25033399c131dc81d258e412582a2ba
  FBSDKLoginKit: 7a1e411d46acc8834588eca437daf34de42e1d52
  FBSDKMarketingKit: e609f39d74ab273cf52e2f8b7e8829ed412b2827
  Firebase: 749a8ff4962f9d8c79dda1966de20f6f77583d67
  FirebaseAnalytics: d35d47c03c50c73c14a7fd31463c5775843e78a9
  FirebaseAnalyticsInterop: e5f21be9af6548372e2f0815834ff909bff395a2
  FirebaseAuth: c9b3ff063c223d2841d97240af547ce511bce19a
  FirebaseAuthInterop: 0ffa57668be100582bb7643d4fcb7615496c41fc
  FirebaseCore: ea2d1816723ef21492b8e9113303e1350db5e08c
  FirebaseDatabase: 23acb0c53cd4d4070a427b60100b2e4aaa97c45d
  FirebaseDynamicLinks: 83a0071c95ad715bc324fcb8f51028d5b6a58af0
  FirebaseFunctions: f35dd01ba4cfd036c1c521b3ed99851d7ec08c70
  FirebaseInstanceID: 97ea7a5dca9afd72c79bfcdddb7a44aa1cbb42a1
  FirebaseMessaging: acbd51fe1a172bf29abaaa6e93a60f98bbf8e4f9
  FirebaseStorage: 29075f874c2b3cf61e5221a62c4ceefc809e5412
  FirebaseUI: 09519bf436a055cd696bf68687d624423150e4c0
  GeoFire: e3ae6f4be3f2466c3467ef6c1c203db3af935c59
  GoogleAppMeasurement: 621f3bc6211d5ba548debe01fafad30cf5ab6859
  GoogleUtilities: 111a012f4c3a29c9e7c954c082fafd6ee3c999c0
  GTMSessionFetcher: 32aeca0aa144acea523e1c8e053089dec2cb98ca
  GTProgressBar: 3aa9731127b3ef193935d450928c3bd0f46bb1c4
  LCUIComponents: 9e40b911c7155e30056f213cd67fed6c924a5115
  leveldb-library: 08cba283675b7ed2d99629a4bc5fd052cd2bb6a5
  libwebp: 0f01098c6c17175391af621b2f14150f3ca16e16
  nanopb: 2901f78ea1b7b4015c860c2fdd1ea2fee1a18d48
  OneSignal: ccdeb961882f8668305e5b694e2cb7cb325fc907
  Protobuf: 1eb9700044745f00181c136ef21b8ff3ad5a0fd5
  Pulsator: f465ca37212d826523fe8c79b07c1a4c1a941f5e
  SDWebImage: c00ec18ab25d10e5ffac109b0f78d1b4341c9691

PODFILE CHECKSUM: 0cc50a7c485646ecd814a30c35fdc246e263d4a6

COCOAPODS: 1.6.0.rc.1
